
Microsoft Visual Studio Solution File, Format Version 12.00
# Visual Studio Version 16
VisualStudioVersion = 16.0.31205.134
MinimumVisualStudioVersion = 10.0.40219.1
Project("{FAE04EC0-301F-11D3-BF4B-00C04F79EFBC}") = "MethodsWithLoopsAndConditionals-Exercise3", "MethodsWithLoopsAndConditionals-Exercise3\MethodsWithLoopsAndConditionals-Exercise3.csproj", "{AABB8B03-A301-48B4-A2BA-89F5484E57F2}"
EndProject
Global
	GlobalSection(SolutionConfigurationPlatforms) = preSolution
		Debug|Any CPU = Debug|Any CPU
		Release|Any CPU = Release|Any CPU
	EndGlobalSection
	GlobalSection(ProjectConfigurationPlatforms) = postSolution
		{AABB8B03-A301-48B4-A2BA-89F5484E57F2}.Debug|Any CPU.ActiveCfg = Debug|Any CPU
		{AABB8B03-A301-48B4-A2BA-89F5484E57F2}.Debug|Any CPU.Build.0 = Debug|Any CPU
		{AABB8B03-A301-48B4-A2BA-89F5484E57F2}.Release|Any CPU.ActiveCfg = Release|Any CPU
		{AABB8B03-A301-48B4-A2BA-89F5484E57F2}.Release|Any CPU.Build.0 = Release|Any CPU
	EndGlobalSection
	GlobalSection(SolutionProperties) = preSolution
		HideSolutionNode = FALSE
	EndGlobalSection
	GlobalSection(ExtensibilityGlobals) = postSolution
		SolutionGuid = {F1A61060-6682-4083-91E3-218BB6886132}
	EndGlobalSection
EndGlobal
